
Microsoft Visual Studio Solution File, Format Version 12.00
# Visual Studio Version 16
VisualStudioVersion = 16.0.30523.141
MinimumVisualStudioVersion = 10.0.40219.1
Project("{FAE04EC0-301F-11D3-BF4B-00C04F79EFBC}") = "C0567_OO_OTS", "C0567_OO_OTS.csproj", "{7476CF6B-AA6C-440C-9725-CCE2C5DD42BE}"
EndProject
Global
	GlobalSection(SolutionConfigurationPlatforms) = preSolution
		Debug|Any CPU = Debug|Any CPU
		Release|Any CPU = Release|Any CPU
	EndGlobalSection
	GlobalSection(ProjectConfigurationPlatforms) = postSolution
		{7476CF6B-AA6C-440C-9725-CCE2C5DD42BE}.Debug|Any CPU.ActiveCfg = Debug|Any CPU
		{7476CF6B-AA6C-440C-9725-CCE2C5DD42BE}.Debug|Any CPU.Build.0 = Debug|Any CPU
		{7476CF6B-AA6C-440C-9725-CCE2C5DD42BE}.Release|Any CPU.ActiveCfg = Release|Any CPU
		{7476CF6B-AA6C-440C-9725-CCE2C5DD42BE}.Release|Any CPU.Build.0 = Release|Any CPU
	EndGlobalSection
	GlobalSection(SolutionProperties) = preSolution
		HideSolutionNode = FALSE
	EndGlobalSection
	GlobalSection(ExtensibilityGlobals) = postSolution
		SolutionGuid = {0ED92409-79E3-433C-841C-DA8324FB591B}
	EndGlobalSection
EndGlobal
